// !$*UTF8*$!
{
	archiveVersion = 1;
	classes = {
	};
	objectVersion = 50;
	objects = {

/* Begin PBXBuildFile section */
		7118D6CC251E3C3F00D9B61E /* MONA.xcdatamodeld in Resources */ = {isa = PBXBuildFile; fileRef = 7127CF7E251935D3008B7955 /* MONA.xcdatamodeld */; };
		7127CF76251935D3008B7955 /* AppDelegate.swift in Sources */ = {isa = PBXBuildFile; fileRef = 7127CF75251935D3008B7955 /* AppDelegate.swift */; };
		7127CF78251935D3008B7955 /* SceneDelegate.swift in Sources */ = {isa = PBXBuildFile; fileRef = 7127CF77251935D3008B7955 /* SceneDelegate.swift */; };
		7127CF7A251935D3008B7955 /* ContainerViewController.swift in Sources */ = {isa = PBXBuildFile; fileRef = 7127CF79251935D3008B7955 /* ContainerViewController.swift */; };
		7127CF7D251935D3008B7955 /* Main.storyboard in Resources */ = {isa = PBXBuildFile; fileRef = 7127CF7B251935D3008B7955 /* Main.storyboard */; };
		7127CF82251935D4008B7955 /* Assets.xcassets in Resources */ = {isa = PBXBuildFile; fileRef = 7127CF81251935D4008B7955 /* Assets.xcassets */; };
		7127CF85251935D4008B7955 /* LaunchScreen.storyboard in Resources */ = {isa = PBXBuildFile; fileRef = 7127CF83251935D4008B7955 /* LaunchScreen.storyboard */; };
		717896E2251BB1AF001E3AD4 /* SlideInTransition.swift in Sources */ = {isa = PBXBuildFile; fileRef = 717896E1251BB1AF001E3AD4 /* SlideInTransition.swift */; };
		717896E5251BBA78001E3AD4 /* ExpensesViewController.swift in Sources */ = {isa = PBXBuildFile; fileRef = 717896E4251BBA78001E3AD4 /* ExpensesViewController.swift */; };
		717896E9251BC0EE001E3AD4 /* EarningsViewController.swift in Sources */ = {isa = PBXBuildFile; fileRef = 717896E8251BC0EE001E3AD4 /* EarningsViewController.swift */; };
		717896EC251BC0FC001E3AD4 /* CategoryViewController.swift in Sources */ = {isa = PBXBuildFile; fileRef = 717896EB251BC0FC001E3AD4 /* CategoryViewController.swift */; };
		717896F1251BCEFB001E3AD4 /* AboutViewController.swift in Sources */ = {isa = PBXBuildFile; fileRef = 717896F0251BCEFB001E3AD4 /* AboutViewController.swift */; };
		71A2398A251B9B8A0066C9FE /* MenuViewController.swift in Sources */ = {isa = PBXBuildFile; fileRef = 71A23989251B9B8A0066C9FE /* MenuViewController.swift */; };
		71EB08F8251CEE210023DD66 /* OverviewViewController.swift in Sources */ = {isa = PBXBuildFile; fileRef = 71EB08F7251CEE210023DD66 /* OverviewViewController.swift */; };
		71EB08FF251D12CC0023DD66 /* Position+CoreDataClass.swift in Sources */ = {isa = PBXBuildFile; fileRef = 71EB08FB251D12CC0023DD66 /* Position+CoreDataClass.swift */; };
		71EB0900251D12CC0023DD66 /* Position+CoreDataProperties.swift in Sources */ = {isa = PBXBuildFile; fileRef = 71EB08FC251D12CC0023DD66 /* Position+CoreDataProperties.swift */; };
		71EB0901251D12CC0023DD66 /* Category+CoreDataClass.swift in Sources */ = {isa = PBXBuildFile; fileRef = 71EB08FD251D12CC0023DD66 /* Category+CoreDataClass.swift */; };
		71EB0902251D12CC0023DD66 /* Category+CoreDataProperties.swift in Sources */ = {isa = PBXBuildFile; fileRef = 71EB08FE251D12CC0023DD66 /* Category+CoreDataProperties.swift */; };
/* End PBXBuildFile section */

/* Begin PBXFileReference section */
		7127CF72251935D3008B7955 /* MONA.app */ = {isa = PBXFileReference; explicitFileType = wrapper.application; includeInIndex = 0; path = MONA.app; sourceTree = BUILT_PRODUCTS_DIR; };
		7127CF75251935D3008B7955 /* AppDelegate.swift */ = {isa = PBXFileReference; lastKnownFileType = sourcecode.swift; path = AppDelegate.swift; sourceTree = "<group>"; };
		7127CF77251935D3008B7955 /* SceneDelegate.swift */ = {isa = PBXFileReference; lastKnownFileType = sourcecode.swift; path = SceneDelegate.swift; sourceTree = "<group>"; };
		7127CF79251935D3008B7955 /* ContainerViewController.swift */ = {isa = PBXFileReference; lastKnownFileType = sourcecode.swift; path = ContainerViewController.swift; sourceTree = "<group>"; };
		7127CF7C251935D3008B7955 /* Base */ = {isa = PBXFileReference; lastKnownFileType = file.storyboard; name = Base; path = Base.lproj/Main.storyboard; sourceTree = "<group>"; };
		7127CF7F251935D3008B7955 /* MONA.xcdatamodel */ = {isa = PBXFileReference; lastKnownFileType = wrapper.xcdatamodel; path = MONA.xcdatamodel; sourceTree = "<group>"; };
		7127CF81251935D4008B7955 /* Assets.xcassets */ = {isa = PBXFileReference; lastKnownFileType = folder.assetcatalog; path = Assets.xcassets; sourceTree = "<group>"; };
		7127CF84251935D4008B7955 /* Base */ = {isa = PBXFileReference; lastKnownFileType = file.storyboard; name = Base; path = Base.lproj/LaunchScreen.storyboard; sourceTree = "<group>"; };
		7127CF86251935D4008B7955 /* Info.plist */ = {isa = PBXFileReference; lastKnownFileType = text.plist.xml; path = Info.plist; sourceTree = "<group>"; };
		717896E1251BB1AF001E3AD4 /* SlideInTransition.swift */ = {isa = PBXFileReference; fileEncoding = 4; lastKnownFileType = sourcecode.swift; path = SlideInTransition.swift; sourceTree = "<group>"; };
		717896E4251BBA78001E3AD4 /* ExpensesViewController.swift */ = {isa = PBXFileReference; lastKnownFileType = sourcecode.swift; path = ExpensesViewController.swift; sourceTree = "<group>"; };
		717896E8251BC0EE001E3AD4 /* EarningsViewController.swift */ = {isa = PBXFileReference; lastKnownFileType = sourcecode.swift; path = EarningsViewController.swift; sourceTree = "<group>"; };
		717896EB251BC0FC001E3AD4 /* CategoryViewController.swift */ = {isa = PBXFileReference; lastKnownFileType = sourcecode.swift; path = CategoryViewController.swift; sourceTree = "<group>"; };
		717896F0251BCEFB001E3AD4 /* AboutViewController.swift */ = {isa = PBXFileReference; lastKnownFileType = sourcecode.swift; path = AboutViewController.swift; sourceTree = "<group>"; };
		71A23989251B9B8A0066C9FE /* MenuViewController.swift */ = {isa = PBXFileReference; lastKnownFileType = sourcecode.swift; path = MenuViewController.swift; sourceTree = "<group>"; };
		71EB08F7251CEE210023DD66 /* OverviewViewController.swift */ = {isa = PBXFileReference; lastKnownFileType = sourcecode.swift; path = OverviewViewController.swift; sourceTree = "<group>"; };
		71EB08FB251D12CC0023DD66 /* Position+CoreDataClass.swift */ = {isa = PBXFileReference; lastKnownFileType = sourcecode.swift; name = "Position+CoreDataClass.swift"; path = "MONA/Entitys/Position+CoreDataClass.swift"; sourceTree = "<group>"; };
		71EB08FC251D12CC0023DD66 /* Position+CoreDataProperties.swift */ = {isa = PBXFileReference; lastKnownFileType = sourcecode.swift; name = "Position+CoreDataProperties.swift"; path = "MONA/Entitys/Position+CoreDataProperties.swift"; sourceTree = "<group>"; };
		71EB08FD251D12CC0023DD66 /* Category+CoreDataClass.swift */ = {isa = PBXFileReference; lastKnownFileType = sourcecode.swift; name = "Category+CoreDataClass.swift"; path = "MONA/Entitys/Category+CoreDataClass.swift"; sourceTree = "<group>"; };
		71EB08FE251D12CC0023DD66 /* Category+CoreDataProperties.swift */ = {isa = PBXFileReference; lastKnownFileType = sourcecode.swift; name = "Category+CoreDataProperties.swift"; path = "MONA/Entitys/Category+CoreDataProperties.swift"; sourceTree = "<group>"; };
/* End PBXFileReference section */

/* Begin PBXFrameworksBuildPhase section */
		7127CF6F251935D3008B7955 /* Frameworks */ = {
			isa = PBXFrameworksBuildPhase;
			buildActionMask = 2147483647;
			files = (
			);
			runOnlyForDeploymentPostprocessing = 0;
		};
/* End PBXFrameworksBuildPhase section */

/* Begin PBXGroup section */
		7127CF69251935D3008B7955 = {
			isa = PBXGroup;
			children = (
				71EB08FB251D12CC0023DD66 /* Position+CoreDataClass.swift */,
				71EB08FC251D12CC0023DD66 /* Position+CoreDataProperties.swift */,
				71EB08FD251D12CC0023DD66 /* Category+CoreDataClass.swift */,
				71EB08FE251D12CC0023DD66 /* Category+CoreDataProperties.swift */,
				7127CF74251935D3008B7955 /* MONA */,
				7127CF73251935D3008B7955 /* Products */,
			);
			sourceTree = "<group>";
		};
		7127CF73251935D3008B7955 /* Products */ = {
			isa = PBXGroup;
			children = (
				7127CF72251935D3008B7955 /* MONA.app */,
			);
			name = Products;
			sourceTree = "<group>";
		};
		7127CF74251935D3008B7955 /* MONA */ = {
			isa = PBXGroup;
			children = (
				7127CF75251935D3008B7955 /* AppDelegate.swift */,
				7127CF77251935D3008B7955 /* SceneDelegate.swift */,
				71A23989251B9B8A0066C9FE /* MenuViewController.swift */,
				717896E1251BB1AF001E3AD4 /* SlideInTransition.swift */,
				7127CF79251935D3008B7955 /* ContainerViewController.swift */,
				71EB08F7251CEE210023DD66 /* OverviewViewController.swift */,
				717896E8251BC0EE001E3AD4 /* EarningsViewController.swift */,
				717896E4251BBA78001E3AD4 /* ExpensesViewController.swift */,
				717896EB251BC0FC001E3AD4 /* CategoryViewController.swift */,
				717896F0251BCEFB001E3AD4 /* AboutViewController.swift */,
				7127CF7B251935D3008B7955 /* Main.storyboard */,
				7127CF81251935D4008B7955 /* Assets.xcassets */,
				7127CF83251935D4008B7955 /* LaunchScreen.storyboard */,
				7127CF86251935D4008B7955 /* Info.plist */,
				7127CF7E251935D3008B7955 /* MONA.xcdatamodeld */,
			);
			path = MONA;
			sourceTree = "<group>";
		};
/* End PBXGroup section */

/* Begin PBXNativeTarget section */
		7127CF71251935D3008B7955 /* MONA */ = {
			isa = PBXNativeTarget;
			buildConfigurationList = 7127CF89251935D4008B7955 /* Build configuration list for PBXNativeTarget "MONA" */;
			buildPhases = (
				7127CF6E251935D3008B7955 /* Sources */,
				7127CF6F251935D3008B7955 /* Frameworks */,
				7127CF70251935D3008B7955 /* Resources */,
			);
			buildRules = (
			);
			dependencies = (
			);
			name = MONA;
			productName = MONA;
			productReference = 7127CF72251935D3008B7955 /* MONA.app */;
			productType = "com.apple.product-type.application";
		};
/* End PBXNativeTarget section */

/* Begin PBXProject section */
		7127CF6A251935D3008B7955 /* Project object */ = {
			isa = PBXProject;
			attributes = {
				LastSwiftUpdateCheck = 1170;
				LastUpgradeCheck = 1170;
				ORGANIZATIONNAME = "Fabian Clasen";
				TargetAttributes = {
					7127CF71251935D3008B7955 = {
						CreatedOnToolsVersion = 11.7;
					};
				};
			};
			buildConfigurationList = 7127CF6D251935D3008B7955 /* Build configuration list for PBXProject "MONA" */;
			compatibilityVersion = "Xcode 9.3";
			developmentRegion = en;
			hasScannedForEncodings = 0;
			knownRegions = (
				en,
				Base,
			);
			mainGroup = 7127CF69251935D3008B7955;
			productRefGroup = 7127CF73251935D3008B7955 /* Products */;
			projectDirPath = "";
			projectRoot = "";
			targets = (
				7127CF71251935D3008B7955 /* MONA */,
			);
		};
/* End PBXProject section */

/* Begin PBXResourcesBuildPhase section */
		7127CF70251935D3008B7955 /* Resources */ = {
			isa = PBXResourcesBuildPhase;
			buildActionMask = 2147483647;
			files = (
				7118D6CC251E3C3F00D9B61E /* MONA.xcdatamodeld in Resources */,
				7127CF85251935D4008B7955 /* LaunchScreen.storyboard in Resources */,
				7127CF82251935D4008B7955 /* Assets.xcassets in Resources */,
				7127CF7D251935D3008B7955 /* Main.storyboard in Resources */,
			);
			runOnlyForDeploymentPostprocessing = 0;
		};
/* End PBXResourcesBuildPhase section */

/* Begin PBXSourcesBuildPhase section */
		7127CF6E251935D3008B7955 /* Sources */ = {
			isa = PBXSourcesBuildPhase;
			buildActionMask = 2147483647;
			files = (
				71EB0900251D12CC0023DD66 /* Position+CoreDataProperties.swift in Sources */,
				71EB08FF251D12CC0023DD66 /* Position+CoreDataClass.swift in Sources */,
				71EB08F8251CEE210023DD66 /* OverviewViewController.swift in Sources */,
				717896E5251BBA78001E3AD4 /* ExpensesViewController.swift in Sources */,
				71A2398A251B9B8A0066C9FE /* MenuViewController.swift in Sources */,
				7127CF7A251935D3008B7955 /* ContainerViewController.swift in Sources */,
				71EB0902251D12CC0023DD66 /* Category+CoreDataProperties.swift in Sources */,
				717896E2251BB1AF001E3AD4 /* SlideInTransition.swift in Sources */,
				717896E9251BC0EE001E3AD4 /* EarningsViewController.swift in Sources */,
				71EB0901251D12CC0023DD66 /* Category+CoreDataClass.swift in Sources */,
				7127CF76251935D3008B7955 /* AppDelegate.swift in Sources */,
				717896EC251BC0FC001E3AD4 /* CategoryViewController.swift in Sources */,
				717896F1251BCEFB001E3AD4 /* AboutViewController.swift in Sources */,
				7127CF78251935D3008B7955 /* SceneDelegate.swift in Sources */,
			);
			runOnlyForDeploymentPostprocessing = 0;
		};
/* End PBXSourcesBuildPhase section */

/* Begin PBXVariantGroup section */
		7127CF7B251935D3008B7955 /* Main.storyboard */ = {
			isa = PBXVariantGroup;
			children = (
				7127CF7C251935D3008B7955 /* Base */,
			);
			name = Main.storyboard;
			sourceTree = "<group>";
		};
		7127CF83251935D4008B7955 /* LaunchScreen.storyboard */ = {
			isa = PBXVariantGroup;
			children = (
				7127CF84251935D4008B7955 /* Base */,
			);
			name = LaunchScreen.storyboard;
			sourceTree = "<group>";
		};
/* End PBXVariantGroup section */

/* Begin XCBuildConfiguration section */
		7127CF87251935D4008B7955 /* Debug */ = {
			isa = XCBuildConfiguration;
			buildSettings = {
				ALWAYS_SEARCH_USER_PATHS = NO;
				CLANG_ANALYZER_NONNULL = YES;
				CLANG_ANALYZER_NUMBER_OBJECT_CONVERSION = YES_AGGRESSIVE;
				CLANG_CXX_LANGUAGE_STANDARD = "gnu++14";
				CLANG_CXX_LIBRARY = "libc++";
				CLANG_ENABLE_MODULES = YES;
				CLANG_ENABLE_OBJC_ARC = YES;
				CLANG_ENABLE_OBJC_WEAK = YES;
				CLANG_WARN_BLOCK_CAPTURE_AUTORELEASING = YES;
				CLANG_WARN_BOOL_CONVERSION = YES;
				CLANG_WARN_COMMA = YES;
				CLANG_WARN_CONSTANT_CONVERSION = YES;
				CLANG_WARN_DEPRECATED_OBJC_IMPLEMENTATIONS = YES;
				CLANG_WARN_DIRECT_OBJC_ISA_USAGE = YES_ERROR;
				CLANG_WARN_DOCUMENTATION_COMMENTS = YES;
				CLANG_WARN_EMPTY_BODY = YES;
				CLANG_WARN_ENUM_CONVERSION = YES;
				CLANG_WARN_INFINITE_RECURSION = YES;
				CLANG_WARN_INT_CONVERSION = YES;
				CLANG_WARN_NON_LITERAL_NULL_CONVERSION = YES;
				CLANG_WARN_OBJC_IMPLICIT_RETAIN_SELF = YES;
				CLANG_WARN_OBJC_LITERAL_CONVERSION = YES;
				CLANG_WARN_OBJC_ROOT_CLASS = YES_ERROR;
				CLANG_WARN_RANGE_LOOP_ANALYSIS = YES;
				CLANG_WARN_STRICT_PROTOTYPES = YES;
				CLANG_WARN_SUSPICIOUS_MOVE = YES;
				CLANG_WARN_UNGUARDED_AVAILABILITY = YES_AGGRESSIVE;
				CLANG_WARN_UNREACHABLE_CODE = YES;
				CLANG_WARN__DUPLICATE_METHOD_MATCH = YES;
				COPY_PHASE_STRIP = NO;
				DEBUG_INFORMATION_FORMAT = dwarf;
				ENABLE_STRICT_OBJC_MSGSEND = YES;
				ENABLE_TESTABILITY = YES;
				GCC_C_LANGUAGE_STANDARD = gnu11;
				GCC_DYNAMIC_NO_PIC = NO;
				GCC_NO_COMMON_BLOCKS = YES;
				GCC_OPTIMIZATION_LEVEL = 0;
				GCC_PREPROCESSOR_DEFINITIONS = (
					"DEBUG=1",
					"$(inherited)",
				);
				GCC_WARN_64_TO_32_BIT_CONVERSION = YES;
				GCC_WARN_ABOUT_RETURN_TYPE = YES_ERROR;
				GCC_WARN_UNDECLARED_SELECTOR = YES;
				GCC_WARN_UNINITIALIZED_AUTOS = YES_AGGRESSIVE;
				GCC_WARN_UNUSED_FUNCTION = YES;
				GCC_WARN_UNUSED_VARIABLE = YES;
				IPHONEOS_DEPLOYMENT_TARGET = 13.7;
				MTL_ENABLE_DEBUG_INFO = INCLUDE_SOURCE;
				MTL_FAST_MATH = YES;
				ONLY_ACTIVE_ARCH = YES;
				SDKROOT = iphoneos;
				SWIFT_ACTIVE_COMPILATION_CONDITIONS = DEBUG;
				SWIFT_OPTIMIZATION_LEVEL = "-Onone";
			};
			name = Debug;
		};
		7127CF88251935D4008B7955 /* Release */ = {
			isa = XCBuildConfiguration;
			buildSettings = {
				ALWAYS_SEARCH_USER_PATHS = NO;
				CLANG_ANALYZER_NONNULL = YES;
				CLANG_ANALYZER_NUMBER_OBJECT_CONVERSION = YES_AGGRESSIVE;
				CLANG_CXX_LANGUAGE_STANDARD = "gnu++14";
				CLANG_CXX_LIBRARY = "libc++";
				CLANG_ENABLE_MODULES = YES;
				CLANG_ENABLE_OBJC_ARC = YES;
				CLANG_ENABLE_OBJC_WEAK = YES;
				CLANG_WARN_BLOCK_CAPTURE_AUTORELEASING = YES;
				CLANG_WARN_BOOL_CONVERSION = YES;
				CLANG_WARN_COMMA = YES;
				CLANG_WARN_CONSTANT_CONVERSION = YES;
				CLANG_WARN_DEPRECATED_OBJC_IMPLEMENTATIONS = YES;
				CLANG_WARN_DIRECT_OBJC_ISA_USAGE = YES_ERROR;
				CLANG_WARN_DOCUMENTATION_COMMENTS = YES;
				CLANG_WARN_EMPTY_BODY = YES;
				CLANG_WARN_ENUM_CONVERSION = YES;
				CLANG_WARN_INFINITE_RECURSION = YES;
				CLANG_WARN_INT_CONVERSION = YES;
				CLANG_WARN_NON_LITERAL_NULL_CONVERSION = YES;
				CLANG_WARN_OBJC_IMPLICIT_RETAIN_SELF = YES;
				CLANG_WARN_OBJC_LITERAL_CONVERSION = YES;
				CLANG_WARN_OBJC_ROOT_CLASS = YES_ERROR;
				CLANG_WARN_RANGE_LOOP_ANALYSIS = YES;
				CLANG_WARN_STRICT_PROTOTYPES = YES;
				CLANG_WARN_SUSPICIOUS_MOVE = YES;
				CLANG_WARN_UNGUARDED_AVAILABILITY = YES_AGGRESSIVE;
				CLANG_WARN_UNREACHABLE_CODE = YES;
				CLANG_WARN__DUPLICATE_METHOD_MATCH = YES;
				COPY_PHASE_STRIP = NO;
				DEBUG_INFORMATION_FORMAT = "dwarf-with-dsym";
				ENABLE_NS_ASSERTIONS = NO;
				ENABLE_STRICT_OBJC_MSGSEND = YES;
				GCC_C_LANGUAGE_STANDARD = gnu11;
				GCC_NO_COMMON_BLOCKS = YES;
				GCC_WARN_64_TO_32_BIT_CONVERSION = YES;
				GCC_WARN_ABOUT_RETURN_TYPE = YES_ERROR;
				GCC_WARN_UNDECLARED_SELECTOR = YES;
				GCC_WARN_UNINITIALIZED_AUTOS = YES_AGGRESSIVE;
				GCC_WARN_UNUSED_FUNCTION = YES;
				GCC_WARN_UNUSED_VARIABLE = YES;
				IPHONEOS_DEPLOYMENT_TARGET = 13.7;
				MTL_ENABLE_DEBUG_INFO = NO;
				MTL_FAST_MATH = YES;
				SDKROOT = iphoneos;
				SWIFT_COMPILATION_MODE = wholemodule;
				SWIFT_OPTIMIZATION_LEVEL = "-O";
				VALIDATE_PRODUCT = YES;
			};
			name = Release;
		};
		7127CF8A251935D4008B7955 /* Debug */ = {
			isa = XCBuildConfiguration;
			buildSettings = {
				ASSETCATALOG_COMPILER_APPICON_NAME = AppIcon;
				CODE_SIGN_STYLE = Automatic;
				DEVELOPMENT_TEAM = V4N24YKP6Y;
				INFOPLIST_FILE = MONA/Info.plist;
				LD_RUNPATH_SEARCH_PATHS = (
					"$(inherited)",
					"@executable_path/Frameworks",
				);
				PRODUCT_BUNDLE_IDENTIFIER = com.thefbler.MONA;
				PRODUCT_NAME = "$(TARGET_NAME)";
				SWIFT_VERSION = 5.0;
				TARGETED_DEVICE_FAMILY = "1,2";
			};
			name = Debug;
		};
		7127CF8B251935D4008B7955 /* Release */ = {
			isa = XCBuildConfiguration;
			buildSettings = {
				ASSETCATALOG_COMPILER_APPICON_NAME = AppIcon;
				CODE_SIGN_STYLE = Automatic;
				DEVELOPMENT_TEAM = V4N24YKP6Y;
				INFOPLIST_FILE = MONA/Info.plist;
				LD_RUNPATH_SEARCH_PATHS = (
					"$(inherited)",
					"@executable_path/Frameworks",
				);
				PRODUCT_BUNDLE_IDENTIFIER = com.thefbler.MONA;
				PRODUCT_NAME = "$(TARGET_NAME)";
				SWIFT_VERSION = 5.0;
				TARGETED_DEVICE_FAMILY = "1,2";
			};
			name = Release;
		};
/* End XCBuildConfiguration section */

/* Begin XCConfigurationList section */
		7127CF6D251935D3008B7955 /* Build configuration list for PBXProject "MONA" */ = {
			isa = XCConfigurationList;
			buildConfigurations = (
				7127CF87251935D4008B7955 /* Debug */,
				7127CF88251935D4008B7955 /* Release */,
			);
			defaultConfigurationIsVisible = 0;
			defaultConfigurationName = Release;
		};
		7127CF89251935D4008B7955 /* Build configuration list for PBXNativeTarget "MONA" */ = {
			isa = XCConfigurationList;
			buildConfigurations = (
				7127CF8A251935D4008B7955 /* Debug */,
				7127CF8B251935D4008B7955 /* Release */,
			);
			defaultConfigurationIsVisible = 0;
			defaultConfigurationName = Release;
		};
/* End XCConfigurationList section */

/* Begin XCVersionGroup section */
		7127CF7E251935D3008B7955 /* MONA.xcdatamodeld */ = {
			isa = XCVersionGroup;
			children = (
				7127CF7F251935D3008B7955 /* MONA.xcdatamodel */,
			);
			currentVersion = 7127CF7F251935D3008B7955 /* MONA.xcdatamodel */;
			path = MONA.xcdatamodeld;
			sourceTree = "<group>";
			versionGroupType = wrapper.xcdatamodel;
		};
/* End XCVersionGroup section */
	};
	rootObject = 7127CF6A251935D3008B7955 /* Project object */;
}
